
Microsoft Visual Studio Solution File, Format Version 12.00
# Visual Studio Version 16
VisualStudioVersion = 16.0.30204.135
MinimumVisualStudioVersion = 10.0.40219.1
Project("{FAE04EC0-301F-11D3-BF4B-00C04F79EFBC}") = "CW_SimplePigLatin", "CW_SimplePigLatin\CW_SimplePigLatin.csproj", "{A5D0B465-75FB-49BB-A675-00C40BFEB262}"
EndProject
Global
	GlobalSection(SolutionConfigurationPlatforms) = preSolution
		Debug|Any CPU = Debug|Any CPU
		Release|Any CPU = Release|Any CPU
	EndGlobalSection
	GlobalSection(ProjectConfigurationPlatforms) = postSolution
		{A5D0B465-75FB-49BB-A675-00C40BFEB262}.Debug|Any CPU.ActiveCfg = Debug|Any CPU
		{A5D0B465-75FB-49BB-A675-00C40BFEB262}.Debug|Any CPU.Build.0 = Debug|Any CPU
		{A5D0B465-75FB-49BB-A675-00C40BFEB262}.Release|Any CPU.ActiveCfg = Release|Any CPU
		{A5D0B465-75FB-49BB-A675-00C40BFEB262}.Release|Any CPU.Build.0 = Release|Any CPU
	EndGlobalSection
	GlobalSection(SolutionProperties) = preSolution
		HideSolutionNode = FALSE
	EndGlobalSection
	GlobalSection(ExtensibilityGlobals) = postSolution
		SolutionGuid = {67E7C7F2-0E83-4CC3-B4FF-81B3B2247109}
	EndGlobalSection
EndGlobal
